
Microsoft Visual Studio Solution File, Format Version 12.00
# Visual Studio 15
VisualStudioVersion = 15.0.27004.2002
MinimumVisualStudioVersion = 10.0.40219.1
Project("{FAE04EC0-301F-11D3-BF4B-00C04F79EFBC}") = "DisplayComponentPartNumbers", "DisplayComponentPartNumbers\DisplayComponentPartNumbers.csproj", "{DBB9B985-19F1-4DE9-8BD0-C360E478674B}"
EndProject
Global
	GlobalSection(SolutionConfigurationPlatforms) = preSolution
		Debug|Any CPU = Debug|Any CPU
		Release|Any CPU = Release|Any CPU
	EndGlobalSection
	GlobalSection(ProjectConfigurationPlatforms) = postSolution
		{DBB9B985-19F1-4DE9-8BD0-C360E478674B}.Debug|Any CPU.ActiveCfg = Debug|Any CPU
		{DBB9B985-19F1-4DE9-8BD0-C360E478674B}.Debug|Any CPU.Build.0 = Debug|Any CPU
		{DBB9B985-19F1-4DE9-8BD0-C360E478674B}.Release|Any CPU.ActiveCfg = Release|Any CPU
		{DBB9B985-19F1-4DE9-8BD0-C360E478674B}.Release|Any CPU.Build.0 = Release|Any CPU
	EndGlobalSection
	GlobalSection(SolutionProperties) = preSolution
		HideSolutionNode = FALSE
	EndGlobalSection
	GlobalSection(ExtensibilityGlobals) = postSolution
		SolutionGuid = {6F48D1AC-62ED-4166-9E44-13644C8CA2C3}
	EndGlobalSection
EndGlobal
